{
  
  "name": "BD",
  
  "lockfileVersion": 2,
  
  "requires": true,
  
  "packages": {
  
    
  "": {
  
    
    
  "dependencies": {
  
    
    
    
  "gateway": "../../../domain/gateway"
  
    
    
  }
  
    
  },
  
    
  "../../../../domain/gateway": {
  
    
    
  "extraneous": true
  
    
  },
  
    
  "../../../domain/gateway": {
  
    
    
  "version": "1.0.0",
  
    
    
  "license": "ISC"
  
    
  },
  
    
  "node_modules/gateway": {
  
    
    
  "resolved": "../../../domain/gateway",
  
    
    
  "link": true
  
    
  }
  
  },
  
  "dependencies": {
  
    
  "gateway": {
  
    
    
  "version": "file:../../../domain/gateway"
  
    
  }
  
  }
}
