{
  "name": "driven-adapters",
  "lockfileVersion": 2,
  "requires": true,
  "packages": {
    "": {
      "dependencies": {
        "domain-model": "../../domain/model"
      }
    },
    "../../domain/model": {},
    "../../domain/usecase": {
      "extraneous": true
    },
    "node_modules/domain-model": {
      "resolved": "../../domain/model",
      "link": true
    }
  },
  "dependencies": {
    "domain-model": {
      "version": "file:../../domain/model"
    }
  }
}
